
Microsoft Visual Studio Solution File, Format Version 12.00
# Visual Studio Version 17
VisualStudioVersion = 17.4.33122.133
MinimumVisualStudioVersion = 10.0.40219.1
Project("{9A19103F-16F7-4668-BE54-9A1E7A4F7556}") = "ProductAPI", "ProductAPI\ProductAPI.csproj", "{93CF095D-7C9C-4CE2-9595-500937DD1E04}"
EndProject
Project("{9A19103F-16F7-4668-BE54-9A1E7A4F7556}") = "UserAPI", "UserAPI\UserAPI.csproj", "{424C9580-D260-402E-8325-AA7016225268}"
EndProject
Project("{9A19103F-16F7-4668-BE54-9A1E7A4F7556}") = "OcelotAPI", "OcelotAPI\OcelotAPI.csproj", "{D0C83D78-1B32-45BC-AAC5-9821892F0BED}"
EndProject
Global
	GlobalSection(SolutionConfigurationPlatforms) = preSolution
		Debug|Any CPU = Debug|Any CPU
		Release|Any CPU = Release|Any CPU
	EndGlobalSection
	GlobalSection(ProjectConfigurationPlatforms) = postSolution
		{93CF095D-7C9C-4CE2-9595-500937DD1E04}.Debug|Any CPU.ActiveCfg = Debug|Any CPU
		{93CF095D-7C9C-4CE2-9595-500937DD1E04}.Debug|Any CPU.Build.0 = Debug|Any CPU
		{93CF095D-7C9C-4CE2-9595-500937DD1E04}.Release|Any CPU.ActiveCfg = Release|Any CPU
		{93CF095D-7C9C-4CE2-9595-500937DD1E04}.Release|Any CPU.Build.0 = Release|Any CPU
		{424C9580-D260-402E-8325-AA7016225268}.Debug|Any CPU.ActiveCfg = Debug|Any CPU
		{424C9580-D260-402E-8325-AA7016225268}.Debug|Any CPU.Build.0 = Debug|Any CPU
		{424C9580-D260-402E-8325-AA7016225268}.Release|Any CPU.ActiveCfg = Release|Any CPU
		{424C9580-D260-402E-8325-AA7016225268}.Release|Any CPU.Build.0 = Release|Any CPU
		{D0C83D78-1B32-45BC-AAC5-9821892F0BED}.Debug|Any CPU.ActiveCfg = Debug|Any CPU
		{D0C83D78-1B32-45BC-AAC5-9821892F0BED}.Debug|Any CPU.Build.0 = Debug|Any CPU
		{D0C83D78-1B32-45BC-AAC5-9821892F0BED}.Release|Any CPU.ActiveCfg = Release|Any CPU
		{D0C83D78-1B32-45BC-AAC5-9821892F0BED}.Release|Any CPU.Build.0 = Release|Any CPU
	EndGlobalSection
	GlobalSection(SolutionProperties) = preSolution
		HideSolutionNode = FALSE
	EndGlobalSection
	GlobalSection(ExtensibilityGlobals) = postSolution
		SolutionGuid = {44BD4E41-271B-417B-9C06-14690EE539C9}
	EndGlobalSection
EndGlobal
